// !$*UTF8*$!
{
	archiveVersion = 1;
	classes = {
	};
	objectVersion = 56;
	objects = {

/* Begin PBXBuildFile section */
		6CB1AB7F2C05B27300F06220 /* AppDelegate.swift in Sources */ = {isa = PBXBuildFile; fileRef = 6CB1AB7E2C05B27300F06220 /* AppDelegate.swift */; };
		6CB1AB812C05B27300F06220 /* SceneDelegate.swift in Sources */ = {isa = PBXBuildFile; fileRef = 6CB1AB802C05B27300F06220 /* SceneDelegate.swift */; };
		6CB1AB862C05B27300F06220 /* Base in Resources */ = {isa = PBXBuildFile; fileRef = 6CB1AB852C05B27300F06220 /* Base */; };
		6CB1AB882C05B27400F06220 /* Assets.xcassets in Resources */ = {isa = PBXBuildFile; fileRef = 6CB1AB872C05B27400F06220 /* Assets.xcassets */; };
		6CB1AB8B2C05B27400F06220 /* Base in Resources */ = {isa = PBXBuildFile; fileRef = 6CB1AB8A2C05B27400F06220 /* Base */; };
		6CB1AB962C05B27400F06220 /* KartTests.swift in Sources */ = {isa = PBXBuildFile; fileRef = 6CB1AB952C05B27400F06220 /* KartTests.swift */; };
		6CB1ABA02C05B27400F06220 /* KartUITests.swift in Sources */ = {isa = PBXBuildFile; fileRef = 6CB1AB9F2C05B27400F06220 /* KartUITests.swift */; };
		6CB1ABA22C05B27400F06220 /* KartUITestsLaunchTests.swift in Sources */ = {isa = PBXBuildFile; fileRef = 6CB1ABA12C05B27400F06220 /* KartUITestsLaunchTests.swift */; };
		6CB1ABB32C05B46200F06220 /* BaseViewController.swift in Sources */ = {isa = PBXBuildFile; fileRef = 6CB1ABB22C05B46200F06220 /* BaseViewController.swift */; };
		6CB1ABBA2C05B56C00F06220 /* LoginVC.swift in Sources */ = {isa = PBXBuildFile; fileRef = 6CB1ABB92C05B56C00F06220 /* LoginVC.swift */; };
		6CB1ABBC2C05B5B500F06220 /* LoginViewModel.swift in Sources */ = {isa = PBXBuildFile; fileRef = 6CB1ABBB2C05B5B500F06220 /* LoginViewModel.swift */; };
		6CB1ABBF2C05B61400F06220 /* UrlConstants.swift in Sources */ = {isa = PBXBuildFile; fileRef = 6CB1ABBE2C05B61400F06220 /* UrlConstants.swift */; };
		6CB1ABC12C05B6C600F06220 /* ApiServices.swift in Sources */ = {isa = PBXBuildFile; fileRef = 6CB1ABC02C05B6C600F06220 /* ApiServices.swift */; };
		6CB1ABC32C05B6D900F06220 /* ApiClient.swift in Sources */ = {isa = PBXBuildFile; fileRef = 6CB1ABC22C05B6D900F06220 /* ApiClient.swift */; };
		6CB1ABC52C05B7B300F06220 /* ApiError.swift in Sources */ = {isa = PBXBuildFile; fileRef = 6CB1ABC42C05B7B300F06220 /* ApiError.swift */; };
		6CB1ABC82C05B8FE00F06220 /* Alamofire in Frameworks */ = {isa = PBXBuildFile; productRef = 6CB1ABC72C05B8FE00F06220 /* Alamofire */; };
		6CB1ABCA2C05BAAB00F06220 /* NetworkReachability.swift in Sources */ = {isa = PBXBuildFile; fileRef = 6CB1ABC92C05BAAB00F06220 /* NetworkReachability.swift */; };
		6CB1ABCC2C05BE8100F06220 /* UserEndPoint.swift in Sources */ = {isa = PBXBuildFile; fileRef = 6CB1ABCB2C05BE8100F06220 /* UserEndPoint.swift */; };
		6CB1ABCE2C05BFAE00F06220 /* LoginModel.swift in Sources */ = {isa = PBXBuildFile; fileRef = 6CB1ABCD2C05BFAE00F06220 /* LoginModel.swift */; };
		6CB1ABD02C05C15A00F06220 /* ApiManager.swift in Sources */ = {isa = PBXBuildFile; fileRef = 6CB1ABCF2C05C15A00F06220 /* ApiManager.swift */; };
		6CB1ABD22C0601A000F06220 /* UIViewController+extension.swift in Sources */ = {isa = PBXBuildFile; fileRef = 6CB1ABD12C0601A000F06220 /* UIViewController+extension.swift */; };
		6CB1ABD52C0605F600F06220 /* UserDefaultManger.swift in Sources */ = {isa = PBXBuildFile; fileRef = 6CB1ABD42C0605F600F06220 /* UserDefaultManger.swift */; };
		6CB1ABD72C06065000F06220 /* Global.swift in Sources */ = {isa = PBXBuildFile; fileRef = 6CB1ABD62C06065000F06220 /* Global.swift */; };
		6CB1ABDD2C0614EC00F06220 /* HomeView.swift in Sources */ = {isa = PBXBuildFile; fileRef = 6CB1ABDC2C0614EC00F06220 /* HomeView.swift */; };
		6CB1ABE02C06176A00F06220 /* HomeCollectionViewCell.xib in Resources */ = {isa = PBXBuildFile; fileRef = 6CB1ABDF2C06176A00F06220 /* HomeCollectionViewCell.xib */; };
		6CB1ABE12C06176A00F06220 /* HomeCollectionViewCell.swift in Sources */ = {isa = PBXBuildFile; fileRef = 6CB1ABDE2C06176A00F06220 /* HomeCollectionViewCell.swift */; };
		6CB1ABE32C06193D00F06220 /* HomeViewModel.swift in Sources */ = {isa = PBXBuildFile; fileRef = 6CB1ABE22C06193D00F06220 /* HomeViewModel.swift */; };
		6CB1ABE52C061CF500F06220 /* HomeModel.swift in Sources */ = {isa = PBXBuildFile; fileRef = 6CB1ABE42C061CF500F06220 /* HomeModel.swift */; };
/* End PBXBuildFile section */

/* Begin PBXContainerItemProxy section */
		6CB1AB922C05B27400F06220 /* PBXContainerItemProxy */ = {
			isa = PBXContainerItemProxy;
			containerPortal = 6CB1AB732C05B27200F06220 /* Project object */;
			proxyType = 1;
			remoteGlobalIDString = 6CB1AB7A2C05B27300F06220;
			remoteInfo = Kart;
		};
		6CB1AB9C2C05B27400F06220 /* PBXContainerItemProxy */ = {
			isa = PBXContainerItemProxy;
			containerPortal = 6CB1AB732C05B27200F06220 /* Project object */;
			proxyType = 1;
			remoteGlobalIDString = 6CB1AB7A2C05B27300F06220;
			remoteInfo = Kart;
		};
/* End PBXContainerItemProxy section */

/* Begin PBXFileReference section */
		6CB1AB7B2C05B27300F06220 /* Kart.app */ = {isa = PBXFileReference; explicitFileType = wrapper.application; includeInIndex = 0; path = Kart.app; sourceTree = BUILT_PRODUCTS_DIR; };
		6CB1AB7E2C05B27300F06220 /* AppDelegate.swift */ = {isa = PBXFileReference; lastKnownFileType = sourcecode.swift; path = AppDelegate.swift; sourceTree = "<group>"; };
		6CB1AB802C05B27300F06220 /* SceneDelegate.swift */ = {isa = PBXFileReference; lastKnownFileType = sourcecode.swift; path = SceneDelegate.swift; sourceTree = "<group>"; };
		6CB1AB852C05B27300F06220 /* Base */ = {isa = PBXFileReference; lastKnownFileType = file.storyboard; name = Base; path = Base.lproj/Main.storyboard; sourceTree = "<group>"; };
		6CB1AB872C05B27400F06220 /* Assets.xcassets */ = {isa = PBXFileReference; lastKnownFileType = folder.assetcatalog; path = Assets.xcassets; sourceTree = "<group>"; };
		6CB1AB8A2C05B27400F06220 /* Base */ = {isa = PBXFileReference; lastKnownFileType = file.storyboard; name = Base; path = Base.lproj/LaunchScreen.storyboard; sourceTree = "<group>"; };
		6CB1AB8C2C05B27400F06220 /* Info.plist */ = {isa = PBXFileReference; lastKnownFileType = text.plist.xml; path = Info.plist; sourceTree = "<group>"; };
		6CB1AB912C05B27400F06220 /* KartTests.xctest */ = {isa = PBXFileReference; explicitFileType = wrapper.cfbundle; includeInIndex = 0; path = KartTests.xctest; sourceTree = BUILT_PRODUCTS_DIR; };
		6CB1AB952C05B27400F06220 /* KartTests.swift */ = {isa = PBXFileReference; lastKnownFileType = sourcecode.swift; path = KartTests.swift; sourceTree = "<group>"; };
		6CB1AB9B2C05B27400F06220 /* KartUITests.xctest */ = {isa = PBXFileReference; explicitFileType = wrapper.cfbundle; includeInIndex = 0; path = KartUITests.xctest; sourceTree = BUILT_PRODUCTS_DIR; };
		6CB1AB9F2C05B27400F06220 /* KartUITests.swift */ = {isa = PBXFileReference; lastKnownFileType = sourcecode.swift; path = KartUITests.swift; sourceTree = "<group>"; };
		6CB1ABA12C05B27400F06220 /* KartUITestsLaunchTests.swift */ = {isa = PBXFileReference; lastKnownFileType = sourcecode.swift; path = KartUITestsLaunchTests.swift; sourceTree = "<group>"; };
		6CB1ABB22C05B46200F06220 /* BaseViewController.swift */ = {isa = PBXFileReference; lastKnownFileType = sourcecode.swift; path = BaseViewController.swift; sourceTree = "<group>"; };
		6CB1ABB92C05B56C00F06220 /* LoginVC.swift */ = {isa = PBXFileReference; lastKnownFileType = sourcecode.swift; path = LoginVC.swift; sourceTree = "<group>"; };
		6CB1ABBB2C05B5B500F06220 /* LoginViewModel.swift */ = {isa = PBXFileReference; lastKnownFileType = sourcecode.swift; path = LoginViewModel.swift; sourceTree = "<group>"; };
		6CB1ABBE2C05B61400F06220 /* UrlConstants.swift */ = {isa = PBXFileReference; lastKnownFileType = sourcecode.swift; path = UrlConstants.swift; sourceTree = "<group>"; };
		6CB1ABC02C05B6C600F06220 /* ApiServices.swift */ = {isa = PBXFileReference; lastKnownFileType = sourcecode.swift; path = ApiServices.swift; sourceTree = "<group>"; };
		6CB1ABC22C05B6D900F06220 /* ApiClient.swift */ = {isa = PBXFileReference; lastKnownFileType = sourcecode.swift; path = ApiClient.swift; sourceTree = "<group>"; };
		6CB1ABC42C05B7B300F06220 /* ApiError.swift */ = {isa = PBXFileReference; lastKnownFileType = sourcecode.swift; path = ApiError.swift; sourceTree = "<group>"; };
		6CB1ABC92C05BAAB00F06220 /* NetworkReachability.swift */ = {isa = PBXFileReference; lastKnownFileType = sourcecode.swift; path = NetworkReachability.swift; sourceTree = "<group>"; };
		6CB1ABCB2C05BE8100F06220 /* UserEndPoint.swift */ = {isa = PBXFileReference; lastKnownFileType = sourcecode.swift; path = UserEndPoint.swift; sourceTree = "<group>"; };
		6CB1ABCD2C05BFAE00F06220 /* LoginModel.swift */ = {isa = PBXFileReference; lastKnownFileType = sourcecode.swift; path = LoginModel.swift; sourceTree = "<group>"; };
		6CB1ABCF2C05C15A00F06220 /* ApiManager.swift */ = {isa = PBXFileReference; lastKnownFileType = sourcecode.swift; path = ApiManager.swift; sourceTree = "<group>"; };
		6CB1ABD12C0601A000F06220 /* UIViewController+extension.swift */ = {isa = PBXFileReference; lastKnownFileType = sourcecode.swift; path = "UIViewController+extension.swift"; sourceTree = "<group>"; };
		6CB1ABD42C0605F600F06220 /* UserDefaultManger.swift */ = {isa = PBXFileReference; lastKnownFileType = sourcecode.swift; path = UserDefaultManger.swift; sourceTree = "<group>"; };
		6CB1ABD62C06065000F06220 /* Global.swift */ = {isa = PBXFileReference; lastKnownFileType = sourcecode.swift; path = Global.swift; sourceTree = "<group>"; };
		6CB1ABDC2C0614EC00F06220 /* HomeView.swift */ = {isa = PBXFileReference; lastKnownFileType = sourcecode.swift; path = HomeView.swift; sourceTree = "<group>"; };
		6CB1ABDE2C06176A00F06220 /* HomeCollectionViewCell.swift */ = {isa = PBXFileReference; lastKnownFileType = sourcecode.swift; path = HomeCollectionViewCell.swift; sourceTree = "<group>"; };
		6CB1ABDF2C06176A00F06220 /* HomeCollectionViewCell.xib */ = {isa = PBXFileReference; lastKnownFileType = file.xib; path = HomeCollectionViewCell.xib; sourceTree = "<group>"; };
		6CB1ABE22C06193D00F06220 /* HomeViewModel.swift */ = {isa = PBXFileReference; lastKnownFileType = sourcecode.swift; path = HomeViewModel.swift; sourceTree = "<group>"; };
		6CB1ABE42C061CF500F06220 /* HomeModel.swift */ = {isa = PBXFileReference; lastKnownFileType = sourcecode.swift; path = HomeModel.swift; sourceTree = "<group>"; };
/* End PBXFileReference section */

/* Begin PBXFrameworksBuildPhase section */
		6CB1AB782C05B27300F06220 /* Frameworks */ = {
			isa = PBXFrameworksBuildPhase;
			buildActionMask = 2147483647;
			files = (
				6CB1ABC82C05B8FE00F06220 /* Alamofire in Frameworks */,
			);
			runOnlyForDeploymentPostprocessing = 0;
		};
		6CB1AB8E2C05B27400F06220 /* Frameworks */ = {
			isa = PBXFrameworksBuildPhase;
			buildActionMask = 2147483647;
			files = (
			);
			runOnlyForDeploymentPostprocessing = 0;
		};
		6CB1AB982C05B27400F06220 /* Frameworks */ = {
			isa = PBXFrameworksBuildPhase;
			buildActionMask = 2147483647;
			files = (
			);
			runOnlyForDeploymentPostprocessing = 0;
		};
/* End PBXFrameworksBuildPhase section */

/* Begin PBXGroup section */
		6CB1AB722C05B27200F06220 = {
			isa = PBXGroup;
			children = (
				6CB1AB7D2C05B27300F06220 /* Kart */,
				6CB1AB942C05B27400F06220 /* KartTests */,
				6CB1AB9E2C05B27400F06220 /* KartUITests */,
				6CB1AB7C2C05B27300F06220 /* Products */,
			);
			sourceTree = "<group>";
		};
		6CB1AB7C2C05B27300F06220 /* Products */ = {
			isa = PBXGroup;
			children = (
				6CB1AB7B2C05B27300F06220 /* Kart.app */,
				6CB1AB912C05B27400F06220 /* KartTests.xctest */,
				6CB1AB9B2C05B27400F06220 /* KartUITests.xctest */,
			);
			name = Products;
			sourceTree = "<group>";
		};
		6CB1AB7D2C05B27300F06220 /* Kart */ = {
			isa = PBXGroup;
			children = (
				6CB1ABB12C05B41400F06220 /* Resources */,
				6CB1ABB02C05B40A00F06220 /* Scenes */,
				6CB1ABAF2C05B3FE00F06220 /* Networking */,
				6CB1ABAE2C05B3F100F06220 /* Utilities */,
				6CB1AB7E2C05B27300F06220 /* AppDelegate.swift */,
				6CB1AB802C05B27300F06220 /* SceneDelegate.swift */,
				6CB1AB842C05B27300F06220 /* Main.storyboard */,
				6CB1AB872C05B27400F06220 /* Assets.xcassets */,
				6CB1AB892C05B27400F06220 /* LaunchScreen.storyboard */,
				6CB1AB8C2C05B27400F06220 /* Info.plist */,
				6CB1ABB22C05B46200F06220 /* BaseViewController.swift */,
			);
			path = Kart;
			sourceTree = "<group>";
		};
		6CB1AB942C05B27400F06220 /* KartTests */ = {
			isa = PBXGroup;
			children = (
				6CB1AB952C05B27400F06220 /* KartTests.swift */,
			);
			path = KartTests;
			sourceTree = "<group>";
		};
		6CB1AB9E2C05B27400F06220 /* KartUITests */ = {
			isa = PBXGroup;
			children = (
				6CB1AB9F2C05B27400F06220 /* KartUITests.swift */,
				6CB1ABA12C05B27400F06220 /* KartUITestsLaunchTests.swift */,
			);
			path = KartUITests;
			sourceTree = "<group>";
		};
		6CB1ABAE2C05B3F100F06220 /* Utilities */ = {
			isa = PBXGroup;
			children = (
				6CB1ABD32C0605D800F06220 /* Helpers */,
				6CB1ABBD2C05B5D100F06220 /* Extensions */,
				6CB1ABBE2C05B61400F06220 /* UrlConstants.swift */,
			);
			path = Utilities;
			sourceTree = "<group>";
		};
		6CB1ABAF2C05B3FE00F06220 /* Networking */ = {
			isa = PBXGroup;
			children = (
				6CB1ABC02C05B6C600F06220 /* ApiServices.swift */,
				6CB1ABC22C05B6D900F06220 /* ApiClient.swift */,
				6CB1ABC42C05B7B300F06220 /* ApiError.swift */,
				6CB1ABC92C05BAAB00F06220 /* NetworkReachability.swift */,
				6CB1ABCB2C05BE8100F06220 /* UserEndPoint.swift */,
				6CB1ABCF2C05C15A00F06220 /* ApiManager.swift */,
			);
			path = Networking;
			sourceTree = "<group>";
		};
		6CB1ABB02C05B40A00F06220 /* Scenes */ = {
			isa = PBXGroup;
			children = (
				6CB1ABB82C05B54400F06220 /* Login */,
			);
			path = Scenes;
			sourceTree = "<group>";
		};
		6CB1ABB12C05B41400F06220 /* Resources */ = {
			isa = PBXGroup;
			children = (
			);
			path = Resources;
			sourceTree = "<group>";
		};
		6CB1ABB42C05B46F00F06220 /* View */ = {
			isa = PBXGroup;
			children = (
			);
			path = View;
			sourceTree = "<group>";
		};
		6CB1ABB52C05B47800F06220 /* Model */ = {
			isa = PBXGroup;
			children = (
				6CB1ABCD2C05BFAE00F06220 /* LoginModel.swift */,
			);
			path = Model;
			sourceTree = "<group>";
		};
		6CB1ABB62C05B48200F06220 /* ViewModel */ = {
			isa = PBXGroup;
			children = (
				6CB1ABB42C05B46F00F06220 /* View */,
				6CB1ABBB2C05B5B500F06220 /* LoginViewModel.swift */,
			);
			path = ViewModel;
			sourceTree = "<group>";
		};
		6CB1ABB72C05B4A900F06220 /* View */ = {
			isa = PBXGroup;
			children = (
				6CB1ABB92C05B56C00F06220 /* LoginVC.swift */,
			);
			path = View;
			sourceTree = "<group>";
		};
		6CB1ABB82C05B54400F06220 /* Login */ = {
			isa = PBXGroup;
			children = (
				6CB1ABD82C06141300F06220 /* Home */,
				6CB1ABB72C05B4A900F06220 /* View */,
				6CB1ABB62C05B48200F06220 /* ViewModel */,
				6CB1ABB52C05B47800F06220 /* Model */,
			);
			name = Login;
			sourceTree = "<group>";
		};
		6CB1ABBD2C05B5D100F06220 /* Extensions */ = {
			isa = PBXGroup;
			children = (
				6CB1ABD12C0601A000F06220 /* UIViewController+extension.swift */,
			);
			path = Extensions;
			sourceTree = "<group>";
		};
		6CB1ABD32C0605D800F06220 /* Helpers */ = {
			isa = PBXGroup;
			children = (
				6CB1ABD42C0605F600F06220 /* UserDefaultManger.swift */,
				6CB1ABD62C06065000F06220 /* Global.swift */,
			);
			path = Helpers;
			sourceTree = "<group>";
		};
		6CB1ABD82C06141300F06220 /* Home */ = {
			isa = PBXGroup;
			children = (
				6CB1ABDB2C06142F00F06220 /* ViewModel */,
				6CB1ABDA2C06142700F06220 /* View */,
				6CB1ABD92C06141D00F06220 /* Model */,
			);
			path = Home;
			sourceTree = "<group>";
		};
		6CB1ABD92C06141D00F06220 /* Model */ = {
			isa = PBXGroup;
			children = (
				6CB1ABE42C061CF500F06220 /* HomeModel.swift */,
			);
			path = Model;
			sourceTree = "<group>";
		};
		6CB1ABDA2C06142700F06220 /* View */ = {
			isa = PBXGroup;
			children = (
				6CB1ABDC2C0614EC00F06220 /* HomeView.swift */,
				6CB1ABDE2C06176A00F06220 /* HomeCollectionViewCell.swift */,
				6CB1ABDF2C06176A00F06220 /* HomeCollectionViewCell.xib */,
			);
			path = View;
			sourceTree = "<group>";
		};
		6CB1ABDB2C06142F00F06220 /* ViewModel */ = {
			isa = PBXGroup;
			children = (
				6CB1ABE22C06193D00F06220 /* HomeViewModel.swift */,
			);
			path = ViewModel;
			sourceTree = "<group>";
		};
/* End PBXGroup section */

/* Begin PBXNativeTarget section */
		6CB1AB7A2C05B27300F06220 /* Kart */ = {
			isa = PBXNativeTarget;
			buildConfigurationList = 6CB1ABA52C05B27400F06220 /* Build configuration list for PBXNativeTarget "Kart" */;
			buildPhases = (
				6CB1AB772C05B27300F06220 /* Sources */,
				6CB1AB782C05B27300F06220 /* Frameworks */,
				6CB1AB792C05B27300F06220 /* Resources */,
			);
			buildRules = (
			);
			dependencies = (
			);
			name = Kart;
			packageProductDependencies = (
				6CB1ABC72C05B8FE00F06220 /* Alamofire */,
			);
			productName = Kart;
			productReference = 6CB1AB7B2C05B27300F06220 /* Kart.app */;
			productType = "com.apple.product-type.application";
		};
		6CB1AB902C05B27400F06220 /* KartTests */ = {
			isa = PBXNativeTarget;
			buildConfigurationList = 6CB1ABA82C05B27400F06220 /* Build configuration list for PBXNativeTarget "KartTests" */;
			buildPhases = (
				6CB1AB8D2C05B27400F06220 /* Sources */,
				6CB1AB8E2C05B27400F06220 /* Frameworks */,
				6CB1AB8F2C05B27400F06220 /* Resources */,
			);
			buildRules = (
			);
			dependencies = (
				6CB1AB932C05B27400F06220 /* PBXTargetDependency */,
			);
			name = KartTests;
			productName = KartTests;
			productReference = 6CB1AB912C05B27400F06220 /* KartTests.xctest */;
			productType = "com.apple.product-type.bundle.unit-test";
		};
		6CB1AB9A2C05B27400F06220 /* KartUITests */ = {
			isa = PBXNativeTarget;
			buildConfigurationList = 6CB1ABAB2C05B27400F06220 /* Build configuration list for PBXNativeTarget "KartUITests" */;
			buildPhases = (
				6CB1AB972C05B27400F06220 /* Sources */,
				6CB1AB982C05B27400F06220 /* Frameworks */,
				6CB1AB992C05B27400F06220 /* Resources */,
			);
			buildRules = (
			);
			dependencies = (
				6CB1AB9D2C05B27400F06220 /* PBXTargetDependency */,
			);
			name = KartUITests;
			productName = KartUITests;
			productReference = 6CB1AB9B2C05B27400F06220 /* KartUITests.xctest */;
			productType = "com.apple.product-type.bundle.ui-testing";
		};
/* End PBXNativeTarget section */

/* Begin PBXProject section */
		6CB1AB732C05B27200F06220 /* Project object */ = {
			isa = PBXProject;
			attributes = {
				BuildIndependentTargetsInParallel = 1;
				LastSwiftUpdateCheck = 1530;
				LastUpgradeCheck = 1530;
				TargetAttributes = {
					6CB1AB7A2C05B27300F06220 = {
						CreatedOnToolsVersion = 15.3;
					};
					6CB1AB902C05B27400F06220 = {
						CreatedOnToolsVersion = 15.3;
						TestTargetID = 6CB1AB7A2C05B27300F06220;
					};
					6CB1AB9A2C05B27400F06220 = {
						CreatedOnToolsVersion = 15.3;
						TestTargetID = 6CB1AB7A2C05B27300F06220;
					};
				};
			};
			buildConfigurationList = 6CB1AB762C05B27300F06220 /* Build configuration list for PBXProject "Kart" */;
			compatibilityVersion = "Xcode 14.0";
			developmentRegion = en;
			hasScannedForEncodings = 0;
			knownRegions = (
				en,
				Base,
			);
			mainGroup = 6CB1AB722C05B27200F06220;
			packageReferences = (
				6CB1ABC62C05B8FE00F06220 /* XCRemoteSwiftPackageReference "Alamofire" */,
			);
			productRefGroup = 6CB1AB7C2C05B27300F06220 /* Products */;
			projectDirPath = "";
			projectRoot = "";
			targets = (
				6CB1AB7A2C05B27300F06220 /* Kart */,
				6CB1AB902C05B27400F06220 /* KartTests */,
				6CB1AB9A2C05B27400F06220 /* KartUITests */,
			);
		};
/* End PBXProject section */

/* Begin PBXResourcesBuildPhase section */
		6CB1AB792C05B27300F06220 /* Resources */ = {
			isa = PBXResourcesBuildPhase;
			buildActionMask = 2147483647;
			files = (
				6CB1AB882C05B27400F06220 /* Assets.xcassets in Resources */,
				6CB1AB8B2C05B27400F06220 /* Base in Resources */,
				6CB1AB862C05B27300F06220 /* Base in Resources */,
				6CB1ABE02C06176A00F06220 /* HomeCollectionViewCell.xib in Resources */,
			);
			runOnlyForDeploymentPostprocessing = 0;
		};
		6CB1AB8F2C05B27400F06220 /* Resources */ = {
			isa = PBXResourcesBuildPhase;
			buildActionMask = 2147483647;
			files = (
			);
			runOnlyForDeploymentPostprocessing = 0;
		};
		6CB1AB992C05B27400F06220 /* Resources */ = {
			isa = PBXResourcesBuildPhase;
			buildActionMask = 2147483647;
			files = (
			);
			runOnlyForDeploymentPostprocessing = 0;
		};
/* End PBXResourcesBuildPhase section */

/* Begin PBXSourcesBuildPhase section */
		6CB1AB772C05B27300F06220 /* Sources */ = {
			isa = PBXSourcesBuildPhase;
			buildActionMask = 2147483647;
			files = (
				6CB1ABE32C06193D00F06220 /* HomeViewModel.swift in Sources */,
				6CB1ABB32C05B46200F06220 /* BaseViewController.swift in Sources */,
				6CB1ABCE2C05BFAE00F06220 /* LoginModel.swift in Sources */,
				6CB1ABD22C0601A000F06220 /* UIViewController+extension.swift in Sources */,
				6CB1ABC12C05B6C600F06220 /* ApiServices.swift in Sources */,
				6CB1AB7F2C05B27300F06220 /* AppDelegate.swift in Sources */,
				6CB1ABE12C06176A00F06220 /* HomeCollectionViewCell.swift in Sources */,
				6CB1ABC32C05B6D900F06220 /* ApiClient.swift in Sources */,
				6CB1ABE52C061CF500F06220 /* HomeModel.swift in Sources */,
				6CB1ABD52C0605F600F06220 /* UserDefaultManger.swift in Sources */,
				6CB1ABBA2C05B56C00F06220 /* LoginVC.swift in Sources */,
				6CB1ABDD2C0614EC00F06220 /* HomeView.swift in Sources */,
				6CB1ABD72C06065000F06220 /* Global.swift in Sources */,
				6CB1ABC52C05B7B300F06220 /* ApiError.swift in Sources */,
				6CB1ABBF2C05B61400F06220 /* UrlConstants.swift in Sources */,
				6CB1ABD02C05C15A00F06220 /* ApiManager.swift in Sources */,
				6CB1ABBC2C05B5B500F06220 /* LoginViewModel.swift in Sources */,
				6CB1AB812C05B27300F06220 /* SceneDelegate.swift in Sources */,
				6CB1ABCA2C05BAAB00F06220 /* NetworkReachability.swift in Sources */,
				6CB1ABCC2C05BE8100F06220 /* UserEndPoint.swift in Sources */,
			);
			runOnlyForDeploymentPostprocessing = 0;
		};
		6CB1AB8D2C05B27400F06220 /* Sources */ = {
			isa = PBXSourcesBuildPhase;
			buildActionMask = 2147483647;
			files = (
				6CB1AB962C05B27400F06220 /* KartTests.swift in Sources */,
			);
			runOnlyForDeploymentPostprocessing = 0;
		};
		6CB1AB972C05B27400F06220 /* Sources */ = {
			isa = PBXSourcesBuildPhase;
			buildActionMask = 2147483647;
			files = (
				6CB1ABA22C05B27400F06220 /* KartUITestsLaunchTests.swift in Sources */,
				6CB1ABA02C05B27400F06220 /* KartUITests.swift in Sources */,
			);
			runOnlyForDeploymentPostprocessing = 0;
		};
/* End PBXSourcesBuildPhase section */

/* Begin PBXTargetDependency section */
		6CB1AB932C05B27400F06220 /* PBXTargetDependency */ = {
			isa = PBXTargetDependency;
			target = 6CB1AB7A2C05B27300F06220 /* Kart */;
			targetProxy = 6CB1AB922C05B27400F06220 /* PBXContainerItemProxy */;
		};
		6CB1AB9D2C05B27400F06220 /* PBXTargetDependency */ = {
			isa = PBXTargetDependency;
			target = 6CB1AB7A2C05B27300F06220 /* Kart */;
			targetProxy = 6CB1AB9C2C05B27400F06220 /* PBXContainerItemProxy */;
		};
/* End PBXTargetDependency section */

/* Begin PBXVariantGroup section */
		6CB1AB842C05B27300F06220 /* Main.storyboard */ = {
			isa = PBXVariantGroup;
			children = (
				6CB1AB852C05B27300F06220 /* Base */,
			);
			name = Main.storyboard;
			sourceTree = "<group>";
		};
		6CB1AB892C05B27400F06220 /* LaunchScreen.storyboard */ = {
			isa = PBXVariantGroup;
			children = (
				6CB1AB8A2C05B27400F06220 /* Base */,
			);
			name = LaunchScreen.storyboard;
			sourceTree = "<group>";
		};
/* End PBXVariantGroup section */

/* Begin XCBuildConfiguration section */
		6CB1ABA32C05B27400F06220 /* Debug */ = {
			isa = XCBuildConfiguration;
			buildSettings = {
				ALWAYS_SEARCH_USER_PATHS = NO;
				ASSETCATALOG_COMPILER_GENERATE_SWIFT_ASSET_SYMBOL_EXTENSIONS = YES;
				CLANG_ANALYZER_NONNULL = YES;
				CLANG_ANALYZER_NUMBER_OBJECT_CONVERSION = YES_AGGRESSIVE;
				CLANG_CXX_LANGUAGE_STANDARD = "gnu++20";
				CLANG_ENABLE_MODULES = YES;
				CLANG_ENABLE_OBJC_ARC = YES;
				CLANG_ENABLE_OBJC_WEAK = YES;
				CLANG_WARN_BLOCK_CAPTURE_AUTORELEASING = YES;
				CLANG_WARN_BOOL_CONVERSION = YES;
				CLANG_WARN_COMMA = YES;
				CLANG_WARN_CONSTANT_CONVERSION = YES;
				CLANG_WARN_DEPRECATED_OBJC_IMPLEMENTATIONS = YES;
				CLANG_WARN_DIRECT_OBJC_ISA_USAGE = YES_ERROR;
				CLANG_WARN_DOCUMENTATION_COMMENTS = YES;
				CLANG_WARN_EMPTY_BODY = YES;
				CLANG_WARN_ENUM_CONVERSION = YES;
				CLANG_WARN_INFINITE_RECURSION = YES;
				CLANG_WARN_INT_CONVERSION = YES;
				CLANG_WARN_NON_LITERAL_NULL_CONVERSION = YES;
				CLANG_WARN_OBJC_IMPLICIT_RETAIN_SELF = YES;
				CLANG_WARN_OBJC_LITERAL_CONVERSION = YES;
				CLANG_WARN_OBJC_ROOT_CLASS = YES_ERROR;
				CLANG_WARN_QUOTED_INCLUDE_IN_FRAMEWORK_HEADER = YES;
				CLANG_WARN_RANGE_LOOP_ANALYSIS = YES;
				CLANG_WARN_STRICT_PROTOTYPES = YES;
				CLANG_WARN_SUSPICIOUS_MOVE = YES;
				CLANG_WARN_UNGUARDED_AVAILABILITY = YES_AGGRESSIVE;
				CLANG_WARN_UNREACHABLE_CODE = YES;
				CLANG_WARN__DUPLICATE_METHOD_MATCH = YES;
				COPY_PHASE_STRIP = NO;
				DEBUG_INFORMATION_FORMAT = dwarf;
				ENABLE_STRICT_OBJC_MSGSEND = YES;
				ENABLE_TESTABILITY = YES;
				ENABLE_USER_SCRIPT_SANDBOXING = YES;
				GCC_C_LANGUAGE_STANDARD = gnu17;
				GCC_DYNAMIC_NO_PIC = NO;
				GCC_NO_COMMON_BLOCKS = YES;
				GCC_OPTIMIZATION_LEVEL = 0;
				GCC_PREPROCESSOR_DEFINITIONS = (
					"DEBUG=1",
					"$(inherited)",
				);
				GCC_WARN_64_TO_32_BIT_CONVERSION = YES;
				GCC_WARN_ABOUT_RETURN_TYPE = YES_ERROR;
				GCC_WARN_UNDECLARED_SELECTOR = YES;
				GCC_WARN_UNINITIALIZED_AUTOS = YES_AGGRESSIVE;
				GCC_WARN_UNUSED_FUNCTION = YES;
				GCC_WARN_UNUSED_VARIABLE = YES;
				IPHONEOS_DEPLOYMENT_TARGET = 17.4;
				LOCALIZATION_PREFERS_STRING_CATALOGS = YES;
				MTL_ENABLE_DEBUG_INFO = INCLUDE_SOURCE;
				MTL_FAST_MATH = YES;
				ONLY_ACTIVE_ARCH = YES;
				SDKROOT = iphoneos;
				SWIFT_ACTIVE_COMPILATION_CONDITIONS = "DEBUG $(inherited)";
				SWIFT_OPTIMIZATION_LEVEL = "-Onone";
			};
			name = Debug;
		};
		6CB1ABA42C05B27400F06220 /* Release */ = {
			isa = XCBuildConfiguration;
			buildSettings = {
				ALWAYS_SEARCH_USER_PATHS = NO;
				ASSETCATALOG_COMPILER_GENERATE_SWIFT_ASSET_SYMBOL_EXTENSIONS = YES;
				CLANG_ANALYZER_NONNULL = YES;
				CLANG_ANALYZER_NUMBER_OBJECT_CONVERSION = YES_AGGRESSIVE;
				CLANG_CXX_LANGUAGE_STANDARD = "gnu++20";
				CLANG_ENABLE_MODULES = YES;
				CLANG_ENABLE_OBJC_ARC = YES;
				CLANG_ENABLE_OBJC_WEAK = YES;
				CLANG_WARN_BLOCK_CAPTURE_AUTORELEASING = YES;
				CLANG_WARN_BOOL_CONVERSION = YES;
				CLANG_WARN_COMMA = YES;
				CLANG_WARN_CONSTANT_CONVERSION = YES;
				CLANG_WARN_DEPRECATED_OBJC_IMPLEMENTATIONS = YES;
				CLANG_WARN_DIRECT_OBJC_ISA_USAGE = YES_ERROR;
				CLANG_WARN_DOCUMENTATION_COMMENTS = YES;
				CLANG_WARN_EMPTY_BODY = YES;
				CLANG_WARN_ENUM_CONVERSION = YES;
				CLANG_WARN_INFINITE_RECURSION = YES;
				CLANG_WARN_INT_CONVERSION = YES;
				CLANG_WARN_NON_LITERAL_NULL_CONVERSION = YES;
				CLANG_WARN_OBJC_IMPLICIT_RETAIN_SELF = YES;
				CLANG_WARN_OBJC_LITERAL_CONVERSION = YES;
				CLANG_WARN_OBJC_ROOT_CLASS = YES_ERROR;
				CLANG_WARN_QUOTED_INCLUDE_IN_FRAMEWORK_HEADER = YES;
				CLANG_WARN_RANGE_LOOP_ANALYSIS = YES;
				CLANG_WARN_STRICT_PROTOTYPES = YES;
				CLANG_WARN_SUSPICIOUS_MOVE = YES;
				CLANG_WARN_UNGUARDED_AVAILABILITY = YES_AGGRESSIVE;
				CLANG_WARN_UNREACHABLE_CODE = YES;
				CLANG_WARN__DUPLICATE_METHOD_MATCH = YES;
				COPY_PHASE_STRIP = NO;
				DEBUG_INFORMATION_FORMAT = "dwarf-with-dsym";
				ENABLE_NS_ASSERTIONS = NO;
				ENABLE_STRICT_OBJC_MSGSEND = YES;
				ENABLE_USER_SCRIPT_SANDBOXING = YES;
				GCC_C_LANGUAGE_STANDARD = gnu17;
				GCC_NO_COMMON_BLOCKS = YES;
				GCC_WARN_64_TO_32_BIT_CONVERSION = YES;
				GCC_WARN_ABOUT_RETURN_TYPE = YES_ERROR;
				GCC_WARN_UNDECLARED_SELECTOR = YES;
				GCC_WARN_UNINITIALIZED_AUTOS = YES_AGGRESSIVE;
				GCC_WARN_UNUSED_FUNCTION = YES;
				GCC_WARN_UNUSED_VARIABLE = YES;
				IPHONEOS_DEPLOYMENT_TARGET = 17.4;
				LOCALIZATION_PREFERS_STRING_CATALOGS = YES;
				MTL_ENABLE_DEBUG_INFO = NO;
				MTL_FAST_MATH = YES;
				SDKROOT = iphoneos;
				SWIFT_COMPILATION_MODE = wholemodule;
				VALIDATE_PRODUCT = YES;
			};
			name = Release;
		};
		6CB1ABA62C05B27400F06220 /* Debug */ = {
			isa = XCBuildConfiguration;
			buildSettings = {
				ASSETCATALOG_COMPILER_APPICON_NAME = AppIcon;
				ASSETCATALOG_COMPILER_GLOBAL_ACCENT_COLOR_NAME = AccentColor;
				CODE_SIGN_STYLE = Automatic;
				CURRENT_PROJECT_VERSION = 1;
				DEVELOPMENT_TEAM = NHQJD6Q5TP;
				GENERATE_INFOPLIST_FILE = YES;
				INFOPLIST_FILE = Kart/Info.plist;
				INFOPLIST_KEY_UIApplicationSupportsIndirectInputEvents = YES;
				INFOPLIST_KEY_UILaunchStoryboardName = LaunchScreen;
				INFOPLIST_KEY_UIMainStoryboardFile = Main;
				INFOPLIST_KEY_UISupportedInterfaceOrientations_iPad = "UIInterfaceOrientationPortrait UIInterfaceOrientationPortraitUpsideDown UIInterfaceOrientationLandscapeLeft UIInterfaceOrientationLandscapeRight";
				INFOPLIST_KEY_UISupportedInterfaceOrientations_iPhone = "UIInterfaceOrientationPortrait UIInterfaceOrientationLandscapeLeft UIInterfaceOrientationLandscapeRight";
				LD_RUNPATH_SEARCH_PATHS = (
					"$(inherited)",
					"@executable_path/Frameworks",
				);
				MARKETING_VERSION = 1.0;
				PRODUCT_BUNDLE_IDENTIFIER = com.panasa.kart.Kart;
				PRODUCT_NAME = "$(TARGET_NAME)";
				SWIFT_EMIT_LOC_STRINGS = YES;
				SWIFT_VERSION = 5.0;
				TARGETED_DEVICE_FAMILY = "1,2";
			};
			name = Debug;
		};
		6CB1ABA72C05B27400F06220 /* Release */ = {
			isa = XCBuildConfiguration;
			buildSettings = {
				ASSETCATALOG_COMPILER_APPICON_NAME = AppIcon;
				ASSETCATALOG_COMPILER_GLOBAL_ACCENT_COLOR_NAME = AccentColor;
				CODE_SIGN_STYLE = Automatic;
				CURRENT_PROJECT_VERSION = 1;
				DEVELOPMENT_TEAM = NHQJD6Q5TP;
				GENERATE_INFOPLIST_FILE = YES;
				INFOPLIST_FILE = Kart/Info.plist;
				INFOPLIST_KEY_UIApplicationSupportsIndirectInputEvents = YES;
				INFOPLIST_KEY_UILaunchStoryboardName = LaunchScreen;
				INFOPLIST_KEY_UIMainStoryboardFile = Main;
				INFOPLIST_KEY_UISupportedInterfaceOrientations_iPad = "UIInterfaceOrientationPortrait UIInterfaceOrientationPortraitUpsideDown UIInterfaceOrientationLandscapeLeft UIInterfaceOrientationLandscapeRight";
				INFOPLIST_KEY_UISupportedInterfaceOrientations_iPhone = "UIInterfaceOrientationPortrait UIInterfaceOrientationLandscapeLeft UIInterfaceOrientationLandscapeRight";
				LD_RUNPATH_SEARCH_PATHS = (
					"$(inherited)",
					"@executable_path/Frameworks",
				);
				MARKETING_VERSION = 1.0;
				PRODUCT_BUNDLE_IDENTIFIER = com.panasa.kart.Kart;
				PRODUCT_NAME = "$(TARGET_NAME)";
				SWIFT_EMIT_LOC_STRINGS = YES;
				SWIFT_VERSION = 5.0;
				TARGETED_DEVICE_FAMILY = "1,2";
			};
			name = Release;
		};
		6CB1ABA92C05B27400F06220 /* Debug */ = {
			isa = XCBuildConfiguration;
			buildSettings = {
				ALWAYS_EMBED_SWIFT_STANDARD_LIBRARIES = YES;
				BUNDLE_LOADER = "$(TEST_HOST)";
				CODE_SIGN_STYLE = Automatic;
				CURRENT_PROJECT_VERSION = 1;
				DEVELOPMENT_TEAM = NHQJD6Q5TP;
				GENERATE_INFOPLIST_FILE = YES;
				IPHONEOS_DEPLOYMENT_TARGET = 17.4;
				MARKETING_VERSION = 1.0;
				PRODUCT_BUNDLE_IDENTIFIER = com.panasa.kart.KartTests;
				PRODUCT_NAME = "$(TARGET_NAME)";
				SWIFT_EMIT_LOC_STRINGS = NO;
				SWIFT_VERSION = 5.0;
				TARGETED_DEVICE_FAMILY = "1,2";
				TEST_HOST = "$(BUILT_PRODUCTS_DIR)/Kart.app/$(BUNDLE_EXECUTABLE_FOLDER_PATH)/Kart";
			};
			name = Debug;
		};
		6CB1ABAA2C05B27400F06220 /* Release */ = {
			isa = XCBuildConfiguration;
			buildSettings = {
				ALWAYS_EMBED_SWIFT_STANDARD_LIBRARIES = YES;
				BUNDLE_LOADER = "$(TEST_HOST)";
				CODE_SIGN_STYLE = Automatic;
				CURRENT_PROJECT_VERSION = 1;
				DEVELOPMENT_TEAM = NHQJD6Q5TP;
				GENERATE_INFOPLIST_FILE = YES;
				IPHONEOS_DEPLOYMENT_TARGET = 17.4;
				MARKETING_VERSION = 1.0;
				PRODUCT_BUNDLE_IDENTIFIER = com.panasa.kart.KartTests;
				PRODUCT_NAME = "$(TARGET_NAME)";
				SWIFT_EMIT_LOC_STRINGS = NO;
				SWIFT_VERSION = 5.0;
				TARGETED_DEVICE_FAMILY = "1,2";
				TEST_HOST = "$(BUILT_PRODUCTS_DIR)/Kart.app/$(BUNDLE_EXECUTABLE_FOLDER_PATH)/Kart";
			};
			name = Release;
		};
		6CB1ABAC2C05B27400F06220 /* Debug */ = {
			isa = XCBuildConfiguration;
			buildSettings = {
				ALWAYS_EMBED_SWIFT_STANDARD_LIBRARIES = YES;
				CODE_SIGN_STYLE = Automatic;
				CURRENT_PROJECT_VERSION = 1;
				DEVELOPMENT_TEAM = NHQJD6Q5TP;
				GENERATE_INFOPLIST_FILE = YES;
				MARKETING_VERSION = 1.0;
				PRODUCT_BUNDLE_IDENTIFIER = com.panasa.kart.KartUITests;
				PRODUCT_NAME = "$(TARGET_NAME)";
				SWIFT_EMIT_LOC_STRINGS = NO;
				SWIFT_VERSION = 5.0;
				TARGETED_DEVICE_FAMILY = "1,2";
				TEST_TARGET_NAME = Kart;
			};
			name = Debug;
		};
		6CB1ABAD2C05B27400F06220 /* Release */ = {
			isa = XCBuildConfiguration;
			buildSettings = {
				ALWAYS_EMBED_SWIFT_STANDARD_LIBRARIES = YES;
				CODE_SIGN_STYLE = Automatic;
				CURRENT_PROJECT_VERSION = 1;
				DEVELOPMENT_TEAM = NHQJD6Q5TP;
				GENERATE_INFOPLIST_FILE = YES;
				MARKETING_VERSION = 1.0;
				PRODUCT_BUNDLE_IDENTIFIER = com.panasa.kart.KartUITests;
				PRODUCT_NAME = "$(TARGET_NAME)";
				SWIFT_EMIT_LOC_STRINGS = NO;
				SWIFT_VERSION = 5.0;
				TARGETED_DEVICE_FAMILY = "1,2";
				TEST_TARGET_NAME = Kart;
			};
			name = Release;
		};
/* End XCBuildConfiguration section */

/* Begin XCConfigurationList section */
		6CB1AB762C05B27300F06220 /* Build configuration list for PBXProject "Kart" */ = {
			isa = XCConfigurationList;
			buildConfigurations = (
				6CB1ABA32C05B27400F06220 /* Debug */,
				6CB1ABA42C05B27400F06220 /* Release */,
			);
			defaultConfigurationIsVisible = 0;
			defaultConfigurationName = Release;
		};
		6CB1ABA52C05B27400F06220 /* Build configuration list for PBXNativeTarget "Kart" */ = {
			isa = XCConfigurationList;
			buildConfigurations = (
				6CB1ABA62C05B27400F06220 /* Debug */,
				6CB1ABA72C05B27400F06220 /* Release */,
			);
			defaultConfigurationIsVisible = 0;
			defaultConfigurationName = Release;
		};
		6CB1ABA82C05B27400F06220 /* Build configuration list for PBXNativeTarget "KartTests" */ = {
			isa = XCConfigurationList;
			buildConfigurations = (
				6CB1ABA92C05B27400F06220 /* Debug */,
				6CB1ABAA2C05B27400F06220 /* Release */,
			);
			defaultConfigurationIsVisible = 0;
			defaultConfigurationName = Release;
		};
		6CB1ABAB2C05B27400F06220 /* Build configuration list for PBXNativeTarget "KartUITests" */ = {
			isa = XCConfigurationList;
			buildConfigurations = (
				6CB1ABAC2C05B27400F06220 /* Debug */,
				6CB1ABAD2C05B27400F06220 /* Release */,
			);
			defaultConfigurationIsVisible = 0;
			defaultConfigurationName = Release;
		};
/* End XCConfigurationList section */

/* Begin XCRemoteSwiftPackageReference section */
		6CB1ABC62C05B8FE00F06220 /* XCRemoteSwiftPackageReference "Alamofire" */ = {
			isa = XCRemoteSwiftPackageReference;
			repositoryURL = "https://github.com/Alamofire/Alamofire.git";
			requirement = {
				kind = upToNextMajorVersion;
				minimumVersion = 5.9.1;
			};
		};
/* End XCRemoteSwiftPackageReference section */

/* Begin XCSwiftPackageProductDependency section */
		6CB1ABC72C05B8FE00F06220 /* Alamofire */ = {
			isa = XCSwiftPackageProductDependency;
			package = 6CB1ABC62C05B8FE00F06220 /* XCRemoteSwiftPackageReference "Alamofire" */;
			productName = Alamofire;
		};
/* End XCSwiftPackageProductDependency section */
	};
	rootObject = 6CB1AB732C05B27200F06220 /* Project object */;
}
